// !$*UTF8*$!
{
	archiveVersion = 1;
	classes = {
	};
	objectVersion = 46;
	objects = {

/* Begin PBXBuildFile section */
		9376C4D81BE958130097257C /* UCPhotoGallery.h in Headers */ = {isa = PBXBuildFile; fileRef = 9376C4D71BE958130097257C /* UCPhotoGallery.h */; settings = {ATTRIBUTES = (Public, ); }; };
		9376C5081BE958610097257C /* UCPhotoGalleryFullscreenTransitionController.h in Headers */ = {isa = PBXBuildFile; fileRef = 9376C4FC1BE958610097257C /* UCPhotoGalleryFullscreenTransitionController.h */; settings = {ATTRIBUTES = (Public, ); }; };
		9376C5091BE958610097257C /* UCPhotoGalleryFullscreenTransitionController.m in Sources */ = {isa = PBXBuildFile; fileRef = 9376C4FD1BE958610097257C /* UCPhotoGalleryFullscreenTransitionController.m */; };
		9376C50A1BE958610097257C /* UCPhotoGalleryItemView.h in Headers */ = {isa = PBXBuildFile; fileRef = 9376C4FE1BE958610097257C /* UCPhotoGalleryItemView.h */; settings = {ATTRIBUTES = (Public, ); }; };
		9376C50B1BE958610097257C /* UCPhotoGalleryItemView.m in Sources */ = {isa = PBXBuildFile; fileRef = 9376C4FF1BE958610097257C /* UCPhotoGalleryItemView.m */; };
		9376C50C1BE958610097257C /* UCPhotoGalleryViewController.h in Headers */ = {isa = PBXBuildFile; fileRef = 9376C5001BE958610097257C /* UCPhotoGalleryViewController.h */; settings = {ATTRIBUTES = (Public, ); }; };
		9376C50D1BE958610097257C /* UCPhotoGalleryViewController.m in Sources */ = {isa = PBXBuildFile; fileRef = 9376C5011BE958610097257C /* UCPhotoGalleryViewController.m */; };
/* End PBXBuildFile section */

/* Begin PBXFileReference section */
		9376C4D41BE958130097257C /* UCPhotoGallery.framework */ = {isa = PBXFileReference; explicitFileType = wrapper.framework; includeInIndex = 0; path = UCPhotoGallery.framework; sourceTree = BUILT_PRODUCTS_DIR; };
		9376C4D71BE958130097257C /* UCPhotoGallery.h */ = {isa = PBXFileReference; lastKnownFileType = sourcecode.c.h; path = UCPhotoGallery.h; sourceTree = "<group>"; };
		9376C4D91BE958130097257C /* Info.plist */ = {isa = PBXFileReference; lastKnownFileType = text.plist.xml; path = Info.plist; sourceTree = "<group>"; };
		9376C4FC1BE958610097257C /* UCPhotoGalleryFullscreenTransitionController.h */ = {isa = PBXFileReference; fileEncoding = 4; lastKnownFileType = sourcecode.c.h; path = UCPhotoGalleryFullscreenTransitionController.h; sourceTree = "<group>"; };
		9376C4FD1BE958610097257C /* UCPhotoGalleryFullscreenTransitionController.m */ = {isa = PBXFileReference; fileEncoding = 4; lastKnownFileType = sourcecode.c.objc; path = UCPhotoGalleryFullscreenTransitionController.m; sourceTree = "<group>"; };
		9376C4FE1BE958610097257C /* UCPhotoGalleryItemView.h */ = {isa = PBXFileReference; fileEncoding = 4; lastKnownFileType = sourcecode.c.h; path = UCPhotoGalleryItemView.h; sourceTree = "<group>"; };
		9376C4FF1BE958610097257C /* UCPhotoGalleryItemView.m */ = {isa = PBXFileReference; fileEncoding = 4; lastKnownFileType = sourcecode.c.objc; path = UCPhotoGalleryItemView.m; sourceTree = "<group>"; };
		9376C5001BE958610097257C /* UCPhotoGalleryViewController.h */ = {isa = PBXFileReference; fileEncoding = 4; lastKnownFileType = sourcecode.c.h; path = UCPhotoGalleryViewController.h; sourceTree = "<group>"; };
		9376C5011BE958610097257C /* UCPhotoGalleryViewController.m */ = {isa = PBXFileReference; fileEncoding = 4; lastKnownFileType = sourcecode.c.objc; path = UCPhotoGalleryViewController.m; sourceTree = "<group>"; };
/* End PBXFileReference section */

/* Begin PBXFrameworksBuildPhase section */
		93A059801C1A00C900E12F2F /* Frameworks */ = {
			isa = PBXFrameworksBuildPhase;
			buildActionMask = 2147483647;
			files = (
			);
			runOnlyForDeploymentPostprocessing = 0;
		};
/* End PBXFrameworksBuildPhase section */

/* Begin PBXGroup section */
		9376C4CA1BE958120097257C = {
			isa = PBXGroup;
			children = (
				9376C4D61BE958130097257C /* UCPhotoGallery */,
				9376C4D51BE958130097257C /* Products */,
			);
			sourceTree = "<group>";
		};
		9376C4D51BE958130097257C /* Products */ = {
			isa = PBXGroup;
			children = (
				9376C4D41BE958130097257C /* UCPhotoGallery.framework */,
			);
			name = Products;
			sourceTree = "<group>";
		};
		9376C4D61BE958130097257C /* UCPhotoGallery */ = {
			isa = PBXGroup;
			children = (
				9376C4D91BE958130097257C /* Info.plist */,
				9376C4D71BE958130097257C /* UCPhotoGallery.h */,
				9376C4FC1BE958610097257C /* UCPhotoGalleryFullscreenTransitionController.h */,
				9376C4FD1BE958610097257C /* UCPhotoGalleryFullscreenTransitionController.m */,
				9376C4FE1BE958610097257C /* UCPhotoGalleryItemView.h */,
				9376C4FF1BE958610097257C /* UCPhotoGalleryItemView.m */,
				9376C5001BE958610097257C /* UCPhotoGalleryViewController.h */,
				9376C5011BE958610097257C /* UCPhotoGalleryViewController.m */,
			);
			path = UCPhotoGallery;
			sourceTree = "<group>";
		};
/* End PBXGroup section */

/* Begin PBXHeadersBuildPhase section */
		9376C4D11BE958130097257C /* Headers */ = {
			isa = PBXHeadersBuildPhase;
			buildActionMask = 2147483647;
			files = (
				9376C4D81BE958130097257C /* UCPhotoGallery.h in Headers */,
				9376C50C1BE958610097257C /* UCPhotoGalleryViewController.h in Headers */,
				9376C50A1BE958610097257C /* UCPhotoGalleryItemView.h in Headers */,
				9376C5081BE958610097257C /* UCPhotoGalleryFullscreenTransitionController.h in Headers */,
			);
			runOnlyForDeploymentPostprocessing = 0;
		};
/* End PBXHeadersBuildPhase section */

/* Begin PBXNativeTarget section */
		9376C4D31BE958130097257C /* UCPhotoGallery */ = {
			isa = PBXNativeTarget;
			buildConfigurationList = 9376C4DC1BE958130097257C /* Build configuration list for PBXNativeTarget "UCPhotoGallery" */;
			buildPhases = (
				9376C4CF1BE958130097257C /* Sources */,
				9376C4D11BE958130097257C /* Headers */,
				9376C4D21BE958130097257C /* Resources */,
				93A059801C1A00C900E12F2F /* Frameworks */,
			);
			buildRules = (
			);
			dependencies = (
			);
			name = UCPhotoGallery;
			productName = UCPhotoGallery;
			productReference = 9376C4D41BE958130097257C /* UCPhotoGallery.framework */;
			productType = "com.apple.product-type.framework";
		};
/* End PBXNativeTarget section */

/* Begin PBXProject section */
		9376C4CB1BE958120097257C /* Project object */ = {
			isa = PBXProject;
			attributes = {
				LastUpgradeCheck = 0700;
				ORGANIZATIONNAME = Compass;
				TargetAttributes = {
					9376C4D31BE958130097257C = {
						CreatedOnToolsVersion = 7.0.1;
					};
				};
			};
			buildConfigurationList = 9376C4CE1BE958120097257C /* Build configuration list for PBXProject "UCPhotoGallery" */;
			compatibilityVersion = "Xcode 3.2";
			developmentRegion = English;
			hasScannedForEncodings = 0;
			knownRegions = (
				en,
				Base,
			);
			mainGroup = 9376C4CA1BE958120097257C;
			productRefGroup = 9376C4D51BE958130097257C /* Products */;
			projectDirPath = "";
			projectRoot = "";
			targets = (
				9376C4D31BE958130097257C /* UCPhotoGallery */,
			);
		};
/* End PBXProject section */

/* Begin PBXResourcesBuildPhase section */
		9376C4D21BE958130097257C /* Resources */ = {
			isa = PBXResourcesBuildPhase;
			buildActionMask = 2147483647;
			files = (
			);
			runOnlyForDeploymentPostprocessing = 0;
		};
/* End PBXResourcesBuildPhase section */

/* Begin PBXSourcesBuildPhase section */
		9376C4CF1BE958130097257C /* Sources */ = {
			isa = PBXSourcesBuildPhase;
			buildActionMask = 2147483647;
			files = (
				9376C50B1BE958610097257C /* UCPhotoGalleryItemView.m in Sources */,
				9376C50D1BE958610097257C /* UCPhotoGalleryViewController.m in Sources */,
				9376C5091BE958610097257C /* UCPhotoGalleryFullscreenTransitionController.m in Sources */,
			);
			runOnlyForDeploymentPostprocessing = 0;
		};
/* End PBXSourcesBuildPhase section */

/* Begin XCBuildConfiguration section */
		9376C4DA1BE958130097257C /* Debug */ = {
			isa = XCBuildConfiguration;
			buildSettings = {
				ALWAYS_SEARCH_USER_PATHS = NO;
				BITCODE_GENERATION_MODE = bitcode;
				CLANG_CXX_LANGUAGE_STANDARD = "gnu++0x";
				CLANG_CXX_LIBRARY = "libc++";
				CLANG_ENABLE_MODULES = YES;
				CLANG_ENABLE_OBJC_ARC = YES;
				CLANG_WARN_BOOL_CONVERSION = YES;
				CLANG_WARN_CONSTANT_CONVERSION = YES;
				CLANG_WARN_DIRECT_OBJC_ISA_USAGE = YES_ERROR;
				CLANG_WARN_EMPTY_BODY = YES;
				CLANG_WARN_ENUM_CONVERSION = YES;
				CLANG_WARN_INT_CONVERSION = YES;
				CLANG_WARN_OBJC_ROOT_CLASS = YES_ERROR;
				CLANG_WARN_UNREACHABLE_CODE = YES;
				CLANG_WARN__DUPLICATE_METHOD_MATCH = YES;
				"CODE_SIGN_IDENTITY[sdk=iphoneos*]" = "iPhone Developer";
				COPY_PHASE_STRIP = NO;
				CURRENT_PROJECT_VERSION = 1;
				DEBUG_INFORMATION_FORMAT = dwarf;
				ENABLE_STRICT_OBJC_MSGSEND = YES;
				ENABLE_TESTABILITY = YES;
				GCC_C_LANGUAGE_STANDARD = gnu99;
				GCC_DYNAMIC_NO_PIC = NO;
				GCC_NO_COMMON_BLOCKS = YES;
				GCC_OPTIMIZATION_LEVEL = 0;
				GCC_PREPROCESSOR_DEFINITIONS = (
					"DEBUG=1",
					"$(inherited)",
				);
				GCC_WARN_64_TO_32_BIT_CONVERSION = YES;
				GCC_WARN_ABOUT_RETURN_TYPE = YES_ERROR;
				GCC_WARN_UNDECLARED_SELECTOR = YES;
				GCC_WARN_UNINITIALIZED_AUTOS = YES_AGGRESSIVE;
				GCC_WARN_UNUSED_FUNCTION = YES;
				GCC_WARN_UNUSED_VARIABLE = YES;
				IPHONEOS_DEPLOYMENT_TARGET = 8.0;
				MTL_ENABLE_DEBUG_INFO = YES;
				ONLY_ACTIVE_ARCH = YES;
				SDKROOT = iphoneos;
				TARGETED_DEVICE_FAMILY = "1,2";
				VERSIONING_SYSTEM = "apple-generic";
				VERSION_INFO_PREFIX = "";
			};
			name = Debug;
		};
		9376C4DB1BE958130097257C /* Release */ = {
			isa = XCBuildConfiguration;
			buildSettings = {
				ALWAYS_SEARCH_USER_PATHS = NO;
				BITCODE_GENERATION_MODE = bitcode;
				CLANG_CXX_LANGUAGE_STANDARD = "gnu++0x";
				CLANG_CXX_LIBRARY = "libc++";
				CLANG_ENABLE_MODULES = YES;
				CLANG_ENABLE_OBJC_ARC = YES;
				CLANG_WARN_BOOL_CONVERSION = YES;
				CLANG_WARN_CONSTANT_CONVERSION = YES;
				CLANG_WARN_DIRECT_OBJC_ISA_USAGE = YES_ERROR;
				CLANG_WARN_EMPTY_BODY = YES;
				CLANG_WARN_ENUM_CONVERSION = YES;
				CLANG_WARN_INT_CONVERSION = YES;
				CLANG_WARN_OBJC_ROOT_CLASS = YES_ERROR;
				CLANG_WARN_UNREACHABLE_CODE = YES;
				CLANG_WARN__DUPLICATE_METHOD_MATCH = YES;
				"CODE_SIGN_IDENTITY[sdk=iphoneos*]" = "iPhone Developer";
				COPY_PHASE_STRIP = NO;
				CURRENT_PROJECT_VERSION = 1;
				DEBUG_INFORMATION_FORMAT = "dwarf-with-dsym";
				ENABLE_NS_ASSERTIONS = NO;
				ENABLE_STRICT_OBJC_MSGSEND = YES;
				GCC_C_LANGUAGE_STANDARD = gnu99;
				GCC_NO_COMMON_BLOCKS = YES;
				GCC_WARN_64_TO_32_BIT_CONVERSION = YES;
				GCC_WARN_ABOUT_RETURN_TYPE = YES_ERROR;
				GCC_WARN_UNDECLARED_SELECTOR = YES;
				GCC_WARN_UNINITIALIZED_AUTOS = YES_AGGRESSIVE;
				GCC_WARN_UNUSED_FUNCTION = YES;
				GCC_WARN_UNUSED_VARIABLE = YES;
				IPHONEOS_DEPLOYMENT_TARGET = 8.0;
				MTL_ENABLE_DEBUG_INFO = NO;
				SDKROOT = iphoneos;
				TARGETED_DEVICE_FAMILY = "1,2";
				VALIDATE_PRODUCT = YES;
				VERSIONING_SYSTEM = "apple-generic";
				VERSION_INFO_PREFIX = "";
			};
			name = Release;
		};
		9376C4DD1BE958130097257C /* Debug */ = {
			isa = XCBuildConfiguration;
			buildSettings = {
				DEFINES_MODULE = YES;
				DYLIB_COMPATIBILITY_VERSION = 1;
				DYLIB_CURRENT_VERSION = 1;
				DYLIB_INSTALL_NAME_BASE = "@rpath";
				FRAMEWORK_SEARCH_PATHS = (
					"$(inherited)",
					"$(PROJECT_DIR)/Carthage/Build/iOS",
				);
				INFOPLIST_FILE = UCPhotoGallery/Info.plist;
				INSTALL_PATH = "$(LOCAL_LIBRARY_DIR)/Frameworks";
				IPHONEOS_DEPLOYMENT_TARGET = 8.0;
				LD_RUNPATH_SEARCH_PATHS = "$(inherited) @executable_path/Frameworks @loader_path/Frameworks $(PROJECT_DIR)/Frameworks $(PROJECT_DIR)/Carthage/Build/iOS";
				OTHER_CFLAGS = (
					"-Wextra",
					"-Wall",
				);
				PRODUCT_BUNDLE_IDENTIFIER = com.compass.UCPhotoGallery;
				PRODUCT_NAME = "$(TARGET_NAME)";
				SKIP_INSTALL = YES;
			};
			name = Debug;
		};
		9376C4DE1BE958130097257C /* Release */ = {
			isa = XCBuildConfiguration;
			buildSettings = {
				DEFINES_MODULE = YES;
				DYLIB_COMPATIBILITY_VERSION = 1;
				DYLIB_CURRENT_VERSION = 1;
				DYLIB_INSTALL_NAME_BASE = "@rpath";
				FRAMEWORK_SEARCH_PATHS = (
					"$(inherited)",
					"$(PROJECT_DIR)/Carthage/Build/iOS",
				);
				INFOPLIST_FILE = UCPhotoGallery/Info.plist;
				INSTALL_PATH = "$(LOCAL_LIBRARY_DIR)/Frameworks";
				IPHONEOS_DEPLOYMENT_TARGET = 8.0;
				LD_RUNPATH_SEARCH_PATHS = "$(inherited) @executable_path/Frameworks @loader_path/Frameworks $(PROJECT_DIR)/Frameworks $(PROJECT_DIR)/Carthage/Build/iOS";
				OTHER_CFLAGS = (
					"-Wextra",
					"-Wall",
				);
				PRODUCT_BUNDLE_IDENTIFIER = com.compass.UCPhotoGallery;
				PRODUCT_NAME = "$(TARGET_NAME)";
				SKIP_INSTALL = YES;
			};
			name = Release;
		};
/* End XCBuildConfiguration section */

/* Begin XCConfigurationList section */
		9376C4CE1BE958120097257C /* Build configuration list for PBXProject "UCPhotoGallery" */ = {
			isa = XCConfigurationList;
			buildConfigurations = (
				9376C4DA1BE958130097257C /* Debug */,
				9376C4DB1BE958130097257C /* Release */,
			);
			defaultConfigurationIsVisible = 0;
			defaultConfigurationName = Release;
		};
		9376C4DC1BE958130097257C /* Build configuration list for PBXNativeTarget "UCPhotoGallery" */ = {
			isa = XCConfigurationList;
			buildConfigurations = (
				9376C4DD1BE958130097257C /* Debug */,
				9376C4DE1BE958130097257C /* Release */,
			);
			defaultConfigurationIsVisible = 0;
			defaultConfigurationName = Release;
		};
/* End XCConfigurationList section */
	};
	rootObject = 9376C4CB1BE958120097257C /* Project object */;
}
